
Microsoft Visual Studio Solution File, Format Version 11.00
# Visual Studio 2010
Project("{FAE04EC0-301F-11D3-BF4B-00C04F79EFBC}") = "Assembly-CSharp", "Assembly-CSharp.csproj", "{1A7A6470-EBC1-B58F-0499-58FB9D85A088}"
EndProject
<<<<<<< HEAD
Project("{FAE04EC0-301F-11D3-BF4B-00C04F79EFBC}") = "Unity.TextMeshPro", "Unity.TextMeshPro.csproj", "{07A21C90-D344-AE1A-8456-9910C203B41A}"
EndProject
Project("{FAE04EC0-301F-11D3-BF4B-00C04F79EFBC}") = "Test_1.Editor", "Test_1.Editor.csproj", "{9952976F-544C-45C5-83F9-E3D801F37756}"
=======
Project("{FAE04EC0-301F-11D3-BF4B-00C04F79EFBC}") = "VuforiaScripts", "VuforiaScripts.csproj", "{DAA9E5FA-60C4-968D-0585-60973841FD1D}"
>>>>>>> edba0f703a1114c813235668961c73293720d154
EndProject
Project("{FAE04EC0-301F-11D3-BF4B-00C04F79EFBC}") = "Assembly-CSharp-Editor", "Assembly-CSharp-Editor.csproj", "{12308053-48B5-A740-0832-9709FCA291A3}"
EndProject
<<<<<<< HEAD
Project("{FAE04EC0-301F-11D3-BF4B-00C04F79EFBC}") = "VuforiaEditorScripts", "VuforiaEditorScripts.csproj", "{CDE0E850-A104-61B8-8B4D-585E45985D86}"
EndProject
Project("{FAE04EC0-301F-11D3-BF4B-00C04F79EFBC}") = "Unity.PackageManagerUI.Editor", "Unity.PackageManagerUI.Editor.csproj", "{6877705C-FBD9-0C4F-5AFB-6FB431E5D39D}"
EndProject
Project("{FAE04EC0-301F-11D3-BF4B-00C04F79EFBC}") = "Unity.TextMeshPro.Editor", "Unity.TextMeshPro.Editor.csproj", "{3A848AB7-9891-EDDA-D555-BF184C2F81F4}"
EndProject
Project("{FAE04EC0-301F-11D3-BF4B-00C04F79EFBC}") = "UnityEditor.StandardEvents", "UnityEditor.StandardEvents.csproj", "{6800202F-4402-D405-F8CB-03DC7BD78B92}"
=======
Project("{FAE04EC0-301F-11D3-BF4B-00C04F79EFBC}") = "VuforiaEditorScripts", "VuforiaEditorScripts.csproj", "{6254D8DE-0DE5-6743-941D-06E36F2E4907}"
>>>>>>> edba0f703a1114c813235668961c73293720d154
EndProject
Global
	GlobalSection(SolutionConfigurationPlatforms) = preSolution
		Debug|Any CPU = Debug|Any CPU
		Release|Any CPU = Release|Any CPU
	EndGlobalSection
	GlobalSection(ProjectConfigurationPlatforms) = postSolution
<<<<<<< HEAD
		{8C4FCE0A-EB7F-5592-7876-80AF456F0A0E}.Debug|Any CPU.ActiveCfg = Debug|Any CPU
		{8C4FCE0A-EB7F-5592-7876-80AF456F0A0E}.Debug|Any CPU.Build.0 = Debug|Any CPU
		{8C4FCE0A-EB7F-5592-7876-80AF456F0A0E}.Release|Any CPU.ActiveCfg = Release|Any CPU
		{8C4FCE0A-EB7F-5592-7876-80AF456F0A0E}.Release|Any CPU.Build.0 = Release|Any CPU
		{07A21C90-D344-AE1A-8456-9910C203B41A}.Debug|Any CPU.ActiveCfg = Debug|Any CPU
		{07A21C90-D344-AE1A-8456-9910C203B41A}.Debug|Any CPU.Build.0 = Debug|Any CPU
		{07A21C90-D344-AE1A-8456-9910C203B41A}.Release|Any CPU.ActiveCfg = Release|Any CPU
		{07A21C90-D344-AE1A-8456-9910C203B41A}.Release|Any CPU.Build.0 = Release|Any CPU
		{9952976F-544C-45C5-83F9-E3D801F37756}.Debug|Any CPU.ActiveCfg = Debug|Any CPU
		{9952976F-544C-45C5-83F9-E3D801F37756}.Debug|Any CPU.Build.0 = Debug|Any CPU
		{9952976F-544C-45C5-83F9-E3D801F37756}.Release|Any CPU.ActiveCfg = Release|Any CPU
		{9952976F-544C-45C5-83F9-E3D801F37756}.Release|Any CPU.Build.0 = Release|Any CPU
		{CC179C3A-F110-1C81-4789-6A3E1CBBEDBC}.Debug|Any CPU.ActiveCfg = Debug|Any CPU
		{CC179C3A-F110-1C81-4789-6A3E1CBBEDBC}.Debug|Any CPU.Build.0 = Debug|Any CPU
		{CC179C3A-F110-1C81-4789-6A3E1CBBEDBC}.Release|Any CPU.ActiveCfg = Release|Any CPU
		{CC179C3A-F110-1C81-4789-6A3E1CBBEDBC}.Release|Any CPU.Build.0 = Release|Any CPU
		{CDE0E850-A104-61B8-8B4D-585E45985D86}.Debug|Any CPU.ActiveCfg = Debug|Any CPU
		{CDE0E850-A104-61B8-8B4D-585E45985D86}.Debug|Any CPU.Build.0 = Debug|Any CPU
		{CDE0E850-A104-61B8-8B4D-585E45985D86}.Release|Any CPU.ActiveCfg = Release|Any CPU
		{CDE0E850-A104-61B8-8B4D-585E45985D86}.Release|Any CPU.Build.0 = Release|Any CPU
		{6877705C-FBD9-0C4F-5AFB-6FB431E5D39D}.Debug|Any CPU.ActiveCfg = Debug|Any CPU
		{6877705C-FBD9-0C4F-5AFB-6FB431E5D39D}.Debug|Any CPU.Build.0 = Debug|Any CPU
		{6877705C-FBD9-0C4F-5AFB-6FB431E5D39D}.Release|Any CPU.ActiveCfg = Release|Any CPU
		{6877705C-FBD9-0C4F-5AFB-6FB431E5D39D}.Release|Any CPU.Build.0 = Release|Any CPU
		{3A848AB7-9891-EDDA-D555-BF184C2F81F4}.Debug|Any CPU.ActiveCfg = Debug|Any CPU
		{3A848AB7-9891-EDDA-D555-BF184C2F81F4}.Debug|Any CPU.Build.0 = Debug|Any CPU
		{3A848AB7-9891-EDDA-D555-BF184C2F81F4}.Release|Any CPU.ActiveCfg = Release|Any CPU
		{3A848AB7-9891-EDDA-D555-BF184C2F81F4}.Release|Any CPU.Build.0 = Release|Any CPU
		{6800202F-4402-D405-F8CB-03DC7BD78B92}.Debug|Any CPU.ActiveCfg = Debug|Any CPU
		{6800202F-4402-D405-F8CB-03DC7BD78B92}.Debug|Any CPU.Build.0 = Debug|Any CPU
		{6800202F-4402-D405-F8CB-03DC7BD78B92}.Release|Any CPU.ActiveCfg = Release|Any CPU
		{6800202F-4402-D405-F8CB-03DC7BD78B92}.Release|Any CPU.Build.0 = Release|Any CPU
=======
		{1A7A6470-EBC1-B58F-0499-58FB9D85A088}.Debug|Any CPU.ActiveCfg = Debug|Any CPU
		{1A7A6470-EBC1-B58F-0499-58FB9D85A088}.Debug|Any CPU.Build.0 = Debug|Any CPU
		{1A7A6470-EBC1-B58F-0499-58FB9D85A088}.Release|Any CPU.ActiveCfg = Release|Any CPU
		{1A7A6470-EBC1-B58F-0499-58FB9D85A088}.Release|Any CPU.Build.0 = Release|Any CPU
		{DAA9E5FA-60C4-968D-0585-60973841FD1D}.Debug|Any CPU.ActiveCfg = Debug|Any CPU
		{DAA9E5FA-60C4-968D-0585-60973841FD1D}.Debug|Any CPU.Build.0 = Debug|Any CPU
		{DAA9E5FA-60C4-968D-0585-60973841FD1D}.Release|Any CPU.ActiveCfg = Release|Any CPU
		{DAA9E5FA-60C4-968D-0585-60973841FD1D}.Release|Any CPU.Build.0 = Release|Any CPU
		{12308053-48B5-A740-0832-9709FCA291A3}.Debug|Any CPU.ActiveCfg = Debug|Any CPU
		{12308053-48B5-A740-0832-9709FCA291A3}.Debug|Any CPU.Build.0 = Debug|Any CPU
		{12308053-48B5-A740-0832-9709FCA291A3}.Release|Any CPU.ActiveCfg = Release|Any CPU
		{12308053-48B5-A740-0832-9709FCA291A3}.Release|Any CPU.Build.0 = Release|Any CPU
		{6254D8DE-0DE5-6743-941D-06E36F2E4907}.Debug|Any CPU.ActiveCfg = Debug|Any CPU
		{6254D8DE-0DE5-6743-941D-06E36F2E4907}.Debug|Any CPU.Build.0 = Debug|Any CPU
		{6254D8DE-0DE5-6743-941D-06E36F2E4907}.Release|Any CPU.ActiveCfg = Release|Any CPU
		{6254D8DE-0DE5-6743-941D-06E36F2E4907}.Release|Any CPU.Build.0 = Release|Any CPU
>>>>>>> edba0f703a1114c813235668961c73293720d154
	EndGlobalSection
	GlobalSection(SolutionProperties) = preSolution
		HideSolutionNode = FALSE
	EndGlobalSection
	GlobalSection(MonoDevelopProperties) = preSolution
		StartupItem = Assembly-CSharp.csproj
	EndGlobalSection
EndGlobal
